
Microsoft Visual Studio Solution File, Format Version 12.00
# Visual Studio Version 17
VisualStudioVersion = 17.8.34309.116
MinimumVisualStudioVersion = 10.0.40219.1
Project("{9A19103F-16F7-4668-BE54-9A1E7A4F7556}") = "Test", "Test.csproj", "{AF85EBF5-2C5F-48CB-9BE1-063A5137390A}"
EndProject
Project("{9A19103F-16F7-4668-BE54-9A1E7A4F7556}") = "css3", "..\css3\css3.csproj", "{F61B8BED-7E26-4164-A626-A2EBF32B5B2D}"
EndProject
Project("{9A19103F-16F7-4668-BE54-9A1E7A4F7556}") = "javascript", "..\javascript\javascript.csproj", "{D0DA03FC-8BBC-4426-9C57-2CE1B7A4CA85}"
EndProject
Global
	GlobalSection(SolutionConfigurationPlatforms) = preSolution
		Debug|Any CPU = Debug|Any CPU
		Release|Any CPU = Release|Any CPU
	EndGlobalSection
	GlobalSection(ProjectConfigurationPlatforms) = postSolution
		{AF85EBF5-2C5F-48CB-9BE1-063A5137390A}.Debug|Any CPU.ActiveCfg = Debug|Any CPU
		{AF85EBF5-2C5F-48CB-9BE1-063A5137390A}.Debug|Any CPU.Build.0 = Debug|Any CPU
		{AF85EBF5-2C5F-48CB-9BE1-063A5137390A}.Release|Any CPU.ActiveCfg = Release|Any CPU
		{AF85EBF5-2C5F-48CB-9BE1-063A5137390A}.Release|Any CPU.Build.0 = Release|Any CPU
		{F61B8BED-7E26-4164-A626-A2EBF32B5B2D}.Debug|Any CPU.ActiveCfg = Debug|Any CPU
		{F61B8BED-7E26-4164-A626-A2EBF32B5B2D}.Debug|Any CPU.Build.0 = Debug|Any CPU
		{F61B8BED-7E26-4164-A626-A2EBF32B5B2D}.Release|Any CPU.ActiveCfg = Release|Any CPU
		{F61B8BED-7E26-4164-A626-A2EBF32B5B2D}.Release|Any CPU.Build.0 = Release|Any CPU
		{D0DA03FC-8BBC-4426-9C57-2CE1B7A4CA85}.Debug|Any CPU.ActiveCfg = Debug|Any CPU
		{D0DA03FC-8BBC-4426-9C57-2CE1B7A4CA85}.Debug|Any CPU.Build.0 = Debug|Any CPU
		{D0DA03FC-8BBC-4426-9C57-2CE1B7A4CA85}.Release|Any CPU.ActiveCfg = Release|Any CPU
		{D0DA03FC-8BBC-4426-9C57-2CE1B7A4CA85}.Release|Any CPU.Build.0 = Release|Any CPU
	EndGlobalSection
	GlobalSection(SolutionProperties) = preSolution
		HideSolutionNode = FALSE
	EndGlobalSection
	GlobalSection(ExtensibilityGlobals) = postSolution
		SolutionGuid = {F0B14A5F-A95D-4DB4-8035-D5A4F8C45124}
	EndGlobalSection
EndGlobal
